# THIS IS AN AUTOGENERATED FILE. DO NOT EDIT THIS FILE DIRECTLY.
# yarn lockfile v1


"@types/color-name@^1.1.1":
  version "1.1.1"
  resolved "https://npm.corp.ebay.com/@types/color-name/-/color-name-1.1.1.tgz#1c1261bbeaa10a8055bbc5d8ab84b7b2afc846a0"
  integrity sha1-HBJhu+qhCoBVu8XYq4S3sq/IRqA=

ansi-regex@^5.0.0:
  version "5.0.0"
  resolved "https://npm.corp.ebay.com/ansi-regex/-/ansi-regex-5.0.0.tgz#388539f55179bf39339c81af30a654d69f87cb75"
  integrity sha1-OIU59VF5vzkznIGvMKZU1p+Hy3U=

ansi-styles@^4.0.0:
  version "4.2.1"
  resolved "https://npm.corp.ebay.com/ansi-styles/-/ansi-styles-4.2.1.tgz#90ae75c424d008d2624c5bf29ead3177ebfcf359"
  integrity sha1-kK51xCTQCNJiTFvynq0xd+v881k=
  dependencies:
    "@types/color-name" "^1.1.1"
    color-convert "^2.0.1"

cliui@^7.0.0:
  version "7.0.1"
  resolved "https://npm.corp.ebay.com/cliui/-/cliui-7.0.1.tgz#a4cb67aad45cd83d8d05128fc9f4d8fbb887e6b3"
  integrity sha1-pMtnqtRc2D2NBRKPyfTY+7iH5rM=
  dependencies:
    string-width "^4.2.0"
    strip-ansi "^6.0.0"
    wrap-ansi "^7.0.0"

color-convert@^2.0.1:
  version "2.0.1"
  resolved "https://npm.corp.ebay.com/color-convert/-/color-convert-2.0.1.tgz#72d3a68d598c9bdb3af2ad1e84f21d896abd4de3"
  integrity sha1-ctOmjVmMm9s68q0ehPIdiWq9TeM=
  dependencies:
    color-name "~1.1.4"

color-name@~1.1.4:
  version "1.1.4"
  resolved "https://npm.corp.ebay.com/color-name/-/color-name-1.1.4.tgz#c2a09a87acbde69543de6f63fa3995c826c536a2"
  integrity sha1-wqCah6y95pVD3m9j+jmVyCbFNqI=

emoji-regex@^8.0.0:
  version "8.0.0"
  resolved "https://npm.corp.ebay.com/emoji-regex/-/emoji-regex-8.0.0.tgz#e818fd69ce5ccfcb404594f842963bf53164cc37"
  integrity sha1-6Bj9ac5cz8tARZT4QpY79TFkzDc=

escalade@^3.0.2:
  version "3.0.2"
  resolved "https://npm.corp.ebay.com/escalade/-/escalade-3.0.2.tgz#6a580d70edb87880f22b4c91d0d56078df6962c4"
  integrity sha1-algNcO24eIDyK0yR0NVgeN9pYsQ=

get-caller-file@^2.0.5:
  version "2.0.5"
  resolved "https://npm.corp.ebay.com/get-caller-file/-/get-caller-file-2.0.5.tgz#4f94412a82db32f36e3b0b9741f8a97feb031f7e"
  integrity sha1-T5RBKoLbMvNuOwuXQfipf+sDH34=

is-fullwidth-code-point@^3.0.0:
  version "3.0.0"
  resolved "https://npm.corp.ebay.com/is-fullwidth-code-point/-/is-fullwidth-code-point-3.0.0.tgz#f116f8064fe90b3f7844a38997c0b75051269f1d"
  integrity sha1-8Rb4Bk/pCz94RKOJl8C3UFEmnx0=

require-directory@^2.1.1:
  version "2.1.1"
  resolved "https://npm.corp.ebay.com/require-directory/-/require-directory-2.1.1.tgz#8c64ad5fd30dab1c976e2344ffe7f792a6a6df42"
  integrity sha1-jGStX9MNqxyXbiNE/+f3kqam30I=

string-width@^4.1.0, string-width@^4.2.0:
  version "4.2.0"
  resolved "https://npm.corp.ebay.com/string-width/-/string-width-4.2.0.tgz#952182c46cc7b2c313d1596e623992bd163b72b5"
  integrity sha1-lSGCxGzHssMT0VluYjmSvRY7crU=
  dependencies:
    emoji-regex "^8.0.0"
    is-fullwidth-code-point "^3.0.0"
    strip-ansi "^6.0.0"

strip-ansi@^6.0.0:
  version "6.0.0"
  resolved "https://npm.corp.ebay.com/strip-ansi/-/strip-ansi-6.0.0.tgz#0b1571dd7669ccd4f3e06e14ef1eed26225ae532"
  integrity sha1-CxVx3XZpzNTz4G4U7x7tJiJa5TI=
  dependencies:
    ansi-regex "^5.0.0"

wrap-ansi@^7.0.0:
  version "7.0.0"
  resolved "https://npm.corp.ebay.com/wrap-ansi/-/wrap-ansi-7.0.0.tgz#67e145cff510a6a6984bdf1152911d69d2eb9e43"
  integrity sha1-Z+FFz/UQpqaYS98RUpEdadLrnkM=
  dependencies:
    ansi-styles "^4.0.0"
    string-width "^4.1.0"
    strip-ansi "^6.0.0"

y18n@^5.0.1:
  version "5.0.1"
  resolved "https://npm.corp.ebay.com/y18n/-/y18n-5.0.1.tgz#1ad2a7eddfa8bce7caa2e1f6b5da96c39d99d571"
  integrity sha1-GtKn7d+ovOfKouH2tdqWw52Z1XE=

yargs-parser@^20.0.0:
  version "20.0.0"
  resolved "https://npm.corp.ebay.com/yargs-parser/-/yargs-parser-20.0.0.tgz#c65a1daaa977ad63cebdd52159147b789a4e19a9"
  integrity sha1-xlodqql3rWPOvdUhWRR7eJpOGak=

yargs@^16.0.3:
  version "16.0.3"
  resolved "https://npm.corp.ebay.com/yargs/-/yargs-16.0.3.tgz#7a919b9e43c90f80d4a142a89795e85399a7e54c"
  integrity sha1-epGbnkPJD4DUoUKol5XoU5mn5Uw=
  dependencies:
    cliui "^7.0.0"
    escalade "^3.0.2"
    get-caller-file "^2.0.5"
    require-directory "^2.1.1"
    string-width "^4.2.0"
    y18n "^5.0.1"
    yargs-parser "^20.0.0"
